// !$*UTF8*$!
{
	archiveVersion = 1;
	classes = {
	};
	objectVersion = 50;
	objects = {

/* Begin PBXBuildFile section */
		5DEFE2D122002EA000EF6096 /* AppDelegate.m in Sources */ = {isa = PBXBuildFile; fileRef = 5DEFE2D022002EA000EF6096 /* AppDelegate.m */; };
		5DEFE2D422002EA000EF6096 /* ViewController.m in Sources */ = {isa = PBXBuildFile; fileRef = 5DEFE2D322002EA000EF6096 /* ViewController.m */; };
		5DEFE2D722002EA000EF6096 /* Main.storyboard in Resources */ = {isa = PBXBuildFile; fileRef = 5DEFE2D522002EA000EF6096 /* Main.storyboard */; };
		5DEFE2D922002EA200EF6096 /* Assets.xcassets in Resources */ = {isa = PBXBuildFile; fileRef = 5DEFE2D822002EA200EF6096 /* Assets.xcassets */; };
		5DEFE2DC22002EA200EF6096 /* LaunchScreen.storyboard in Resources */ = {isa = PBXBuildFile; fileRef = 5DEFE2DA22002EA200EF6096 /* LaunchScreen.storyboard */; };
		5DEFE2DF22002EA200EF6096 /* main.m in Sources */ = {isa = PBXBuildFile; fileRef = 5DEFE2DE22002EA200EF6096 /* main.m */; };
		5DEFE2E822002F2F00EF6096 /* HFTimer.m in Sources */ = {isa = PBXBuildFile; fileRef = 5DEFE2E722002F2F00EF6096 /* HFTimer.m */; };
		5DEFE2EB22002F5100EF6096 /* HFDisplayLink.m in Sources */ = {isa = PBXBuildFile; fileRef = 5DEFE2EA22002F5100EF6096 /* HFDisplayLink.m */; };
		5DEFE2EE22002F7B00EF6096 /* HFGCDTimer.m in Sources */ = {isa = PBXBuildFile; fileRef = 5DEFE2ED22002F7B00EF6096 /* HFGCDTimer.m */; };
		5DEFE2F122005D3000EF6096 /* HFWeakObject.m in Sources */ = {isa = PBXBuildFile; fileRef = 5DEFE2F022005D3000EF6096 /* HFWeakObject.m */; };
/* End PBXBuildFile section */

/* Begin PBXFileReference section */
		5DEFE2CC22002EA000EF6096 /* HFTimer.app */ = {isa = PBXFileReference; explicitFileType = wrapper.application; includeInIndex = 0; path = HFTimer.app; sourceTree = BUILT_PRODUCTS_DIR; };
		5DEFE2CF22002EA000EF6096 /* AppDelegate.h */ = {isa = PBXFileReference; lastKnownFileType = sourcecode.c.h; path = AppDelegate.h; sourceTree = "<group>"; };
		5DEFE2D022002EA000EF6096 /* AppDelegate.m */ = {isa = PBXFileReference; lastKnownFileType = sourcecode.c.objc; path = AppDelegate.m; sourceTree = "<group>"; };
		5DEFE2D222002EA000EF6096 /* ViewController.h */ = {isa = PBXFileReference; lastKnownFileType = sourcecode.c.h; path = ViewController.h; sourceTree = "<group>"; };
		5DEFE2D322002EA000EF6096 /* ViewController.m */ = {isa = PBXFileReference; lastKnownFileType = sourcecode.c.objc; path = ViewController.m; sourceTree = "<group>"; };
		5DEFE2D622002EA000EF6096 /* Base */ = {isa = PBXFileReference; lastKnownFileType = file.storyboard; name = Base; path = Base.lproj/Main.storyboard; sourceTree = "<group>"; };
		5DEFE2D822002EA200EF6096 /* Assets.xcassets */ = {isa = PBXFileReference; lastKnownFileType = folder.assetcatalog; path = Assets.xcassets; sourceTree = "<group>"; };
		5DEFE2DB22002EA200EF6096 /* Base */ = {isa = PBXFileReference; lastKnownFileType = file.storyboard; name = Base; path = Base.lproj/LaunchScreen.storyboard; sourceTree = "<group>"; };
		5DEFE2DD22002EA200EF6096 /* Info.plist */ = {isa = PBXFileReference; lastKnownFileType = text.plist.xml; path = Info.plist; sourceTree = "<group>"; };
		5DEFE2DE22002EA200EF6096 /* main.m */ = {isa = PBXFileReference; lastKnownFileType = sourcecode.c.objc; path = main.m; sourceTree = "<group>"; };
		5DEFE2E622002F2F00EF6096 /* HFTimer.h */ = {isa = PBXFileReference; lastKnownFileType = sourcecode.c.h; path = HFTimer.h; sourceTree = "<group>"; };
		5DEFE2E722002F2F00EF6096 /* HFTimer.m */ = {isa = PBXFileReference; lastKnownFileType = sourcecode.c.objc; path = HFTimer.m; sourceTree = "<group>"; };
		5DEFE2E922002F5100EF6096 /* HFDisplayLink.h */ = {isa = PBXFileReference; lastKnownFileType = sourcecode.c.h; path = HFDisplayLink.h; sourceTree = "<group>"; };
		5DEFE2EA22002F5100EF6096 /* HFDisplayLink.m */ = {isa = PBXFileReference; lastKnownFileType = sourcecode.c.objc; path = HFDisplayLink.m; sourceTree = "<group>"; };
		5DEFE2EC22002F7B00EF6096 /* HFGCDTimer.h */ = {isa = PBXFileReference; lastKnownFileType = sourcecode.c.h; path = HFGCDTimer.h; sourceTree = "<group>"; };
		5DEFE2ED22002F7B00EF6096 /* HFGCDTimer.m */ = {isa = PBXFileReference; lastKnownFileType = sourcecode.c.objc; path = HFGCDTimer.m; sourceTree = "<group>"; };
		5DEFE2EF22005D3000EF6096 /* HFWeakObject.h */ = {isa = PBXFileReference; lastKnownFileType = sourcecode.c.h; path = HFWeakObject.h; sourceTree = "<group>"; };
		5DEFE2F022005D3000EF6096 /* HFWeakObject.m */ = {isa = PBXFileReference; lastKnownFileType = sourcecode.c.objc; path = HFWeakObject.m; sourceTree = "<group>"; };
/* End PBXFileReference section */

/* Begin PBXFrameworksBuildPhase section */
		5DEFE2C922002EA000EF6096 /* Frameworks */ = {
			isa = PBXFrameworksBuildPhase;
			buildActionMask = 2147483647;
			files = (
			);
			runOnlyForDeploymentPostprocessing = 0;
		};
/* End PBXFrameworksBuildPhase section */

/* Begin PBXGroup section */
		5DEFE2C322002EA000EF6096 = {
			isa = PBXGroup;
			children = (
				5DEFE2CE22002EA000EF6096 /* HFTimer */,
				5DEFE2CD22002EA000EF6096 /* Products */,
			);
			sourceTree = "<group>";
		};
		5DEFE2CD22002EA000EF6096 /* Products */ = {
			isa = PBXGroup;
			children = (
				5DEFE2CC22002EA000EF6096 /* HFTimer.app */,
			);
			name = Products;
			sourceTree = "<group>";
		};
		5DEFE2CE22002EA000EF6096 /* HFTimer */ = {
			isa = PBXGroup;
			children = (
				5DEFE2E522002F1A00EF6096 /* Class */,
				5DEFE2CF22002EA000EF6096 /* AppDelegate.h */,
				5DEFE2D022002EA000EF6096 /* AppDelegate.m */,
				5DEFE2D222002EA000EF6096 /* ViewController.h */,
				5DEFE2D322002EA000EF6096 /* ViewController.m */,
				5DEFE2D522002EA000EF6096 /* Main.storyboard */,
				5DEFE2D822002EA200EF6096 /* Assets.xcassets */,
				5DEFE2DA22002EA200EF6096 /* LaunchScreen.storyboard */,
				5DEFE2DD22002EA200EF6096 /* Info.plist */,
				5DEFE2DE22002EA200EF6096 /* main.m */,
			);
			path = HFTimer;
			sourceTree = "<group>";
		};
		5DEFE2E522002F1A00EF6096 /* Class */ = {
			isa = PBXGroup;
			children = (
				5DEFE2E622002F2F00EF6096 /* HFTimer.h */,
				5DEFE2E722002F2F00EF6096 /* HFTimer.m */,
				5DEFE2E922002F5100EF6096 /* HFDisplayLink.h */,
				5DEFE2EA22002F5100EF6096 /* HFDisplayLink.m */,
				5DEFE2EC22002F7B00EF6096 /* HFGCDTimer.h */,
				5DEFE2ED22002F7B00EF6096 /* HFGCDTimer.m */,
				5DEFE2EF22005D3000EF6096 /* HFWeakObject.h */,
				5DEFE2F022005D3000EF6096 /* HFWeakObject.m */,
			);
			path = Class;
			sourceTree = "<group>";
		};
/* End PBXGroup section */

/* Begin PBXNativeTarget section */
		5DEFE2CB22002EA000EF6096 /* HFTimer */ = {
			isa = PBXNativeTarget;
			buildConfigurationList = 5DEFE2E222002EA200EF6096 /* Build configuration list for PBXNativeTarget "HFTimer" */;
			buildPhases = (
				5DEFE2C822002EA000EF6096 /* Sources */,
				5DEFE2C922002EA000EF6096 /* Frameworks */,
				5DEFE2CA22002EA000EF6096 /* Resources */,
			);
			buildRules = (
			);
			dependencies = (
			);
			name = HFTimer;
			productName = HFTimer;
			productReference = 5DEFE2CC22002EA000EF6096 /* HFTimer.app */;
			productType = "com.apple.product-type.application";
		};
/* End PBXNativeTarget section */

/* Begin PBXProject section */
		5DEFE2C422002EA000EF6096 /* Project object */ = {
			isa = PBXProject;
			attributes = {
				LastUpgradeCheck = 1010;
				ORGANIZATIONNAME = "hui hong";
				TargetAttributes = {
					5DEFE2CB22002EA000EF6096 = {
						CreatedOnToolsVersion = 10.1;
					};
				};
			};
			buildConfigurationList = 5DEFE2C722002EA000EF6096 /* Build configuration list for PBXProject "HFTimer" */;
			compatibilityVersion = "Xcode 9.3";
			developmentRegion = en;
			hasScannedForEncodings = 0;
			knownRegions = (
				en,
				Base,
			);
			mainGroup = 5DEFE2C322002EA000EF6096;
			productRefGroup = 5DEFE2CD22002EA000EF6096 /* Products */;
			projectDirPath = "";
			projectRoot = "";
			targets = (
				5DEFE2CB22002EA000EF6096 /* HFTimer */,
			);
		};
/* End PBXProject section */

/* Begin PBXResourcesBuildPhase section */
		5DEFE2CA22002EA000EF6096 /* Resources */ = {
			isa = PBXResourcesBuildPhase;
			buildActionMask = 2147483647;
			files = (
				5DEFE2DC22002EA200EF6096 /* LaunchScreen.storyboard in Resources */,
				5DEFE2D922002EA200EF6096 /* Assets.xcassets in Resources */,
				5DEFE2D722002EA000EF6096 /* Main.storyboard in Resources */,
			);
			runOnlyForDeploymentPostprocessing = 0;
		};
/* End PBXResourcesBuildPhase section */

/* Begin PBXSourcesBuildPhase section */
		5DEFE2C822002EA000EF6096 /* Sources */ = {
			isa = PBXSourcesBuildPhase;
			buildActionMask = 2147483647;
			files = (
				5DEFE2D422002EA000EF6096 /* ViewController.m in Sources */,
				5DEFE2DF22002EA200EF6096 /* main.m in Sources */,
				5DEFE2EE22002F7B00EF6096 /* HFGCDTimer.m in Sources */,
				5DEFE2D122002EA000EF6096 /* AppDelegate.m in Sources */,
				5DEFE2E822002F2F00EF6096 /* HFTimer.m in Sources */,
				5DEFE2EB22002F5100EF6096 /* HFDisplayLink.m in Sources */,
				5DEFE2F122005D3000EF6096 /* HFWeakObject.m in Sources */,
			);
			runOnlyForDeploymentPostprocessing = 0;
		};
/* End PBXSourcesBuildPhase section */

/* Begin PBXVariantGroup section */
		5DEFE2D522002EA000EF6096 /* Main.storyboard */ = {
			isa = PBXVariantGroup;
			children = (
				5DEFE2D622002EA000EF6096 /* Base */,
			);
			name = Main.storyboard;
			sourceTree = "<group>";
		};
		5DEFE2DA22002EA200EF6096 /* LaunchScreen.storyboard */ = {
			isa = PBXVariantGroup;
			children = (
				5DEFE2DB22002EA200EF6096 /* Base */,
			);
			name = LaunchScreen.storyboard;
			sourceTree = "<group>";
		};
/* End PBXVariantGroup section */

/* Begin XCBuildConfiguration section */
		5DEFE2E022002EA200EF6096 /* Debug */ = {
			isa = XCBuildConfiguration;
			buildSettings = {
				ALWAYS_SEARCH_USER_PATHS = NO;
				CLANG_ANALYZER_NONNULL = YES;
				CLANG_ANALYZER_NUMBER_OBJECT_CONVERSION = YES_AGGRESSIVE;
				CLANG_CXX_LANGUAGE_STANDARD = "gnu++14";
				CLANG_CXX_LIBRARY = "libc++";
				CLANG_ENABLE_MODULES = YES;
				CLANG_ENABLE_OBJC_ARC = YES;
				CLANG_ENABLE_OBJC_WEAK = YES;
				CLANG_WARN_BLOCK_CAPTURE_AUTORELEASING = YES;
				CLANG_WARN_BOOL_CONVERSION = YES;
				CLANG_WARN_COMMA = YES;
				CLANG_WARN_CONSTANT_CONVERSION = YES;
				CLANG_WARN_DEPRECATED_OBJC_IMPLEMENTATIONS = YES;
				CLANG_WARN_DIRECT_OBJC_ISA_USAGE = YES_ERROR;
				CLANG_WARN_DOCUMENTATION_COMMENTS = YES;
				CLANG_WARN_EMPTY_BODY = YES;
				CLANG_WARN_ENUM_CONVERSION = YES;
				CLANG_WARN_INFINITE_RECURSION = YES;
				CLANG_WARN_INT_CONVERSION = YES;
				CLANG_WARN_NON_LITERAL_NULL_CONVERSION = YES;
				CLANG_WARN_OBJC_IMPLICIT_RETAIN_SELF = YES;
				CLANG_WARN_OBJC_LITERAL_CONVERSION = YES;
				CLANG_WARN_OBJC_ROOT_CLASS = YES_ERROR;
				CLANG_WARN_RANGE_LOOP_ANALYSIS = YES;
				CLANG_WARN_STRICT_PROTOTYPES = YES;
				CLANG_WARN_SUSPICIOUS_MOVE = YES;
				CLANG_WARN_UNGUARDED_AVAILABILITY = YES_AGGRESSIVE;
				CLANG_WARN_UNREACHABLE_CODE = YES;
				CLANG_WARN__DUPLICATE_METHOD_MATCH = YES;
				CODE_SIGN_IDENTITY = "iPhone Developer";
				COPY_PHASE_STRIP = NO;
				DEBUG_INFORMATION_FORMAT = dwarf;
				ENABLE_STRICT_OBJC_MSGSEND = YES;
				ENABLE_TESTABILITY = YES;
				GCC_C_LANGUAGE_STANDARD = gnu11;
				GCC_DYNAMIC_NO_PIC = NO;
				GCC_NO_COMMON_BLOCKS = YES;
				GCC_OPTIMIZATION_LEVEL = 0;
				GCC_PREPROCESSOR_DEFINITIONS = (
					"DEBUG=1",
					"$(inherited)",
				);
				GCC_WARN_64_TO_32_BIT_CONVERSION = YES;
				GCC_WARN_ABOUT_RETURN_TYPE = YES_ERROR;
				GCC_WARN_UNDECLARED_SELECTOR = YES;
				GCC_WARN_UNINITIALIZED_AUTOS = YES_AGGRESSIVE;
				GCC_WARN_UNUSED_FUNCTION = YES;
				GCC_WARN_UNUSED_VARIABLE = YES;
				IPHONEOS_DEPLOYMENT_TARGET = 12.1;
				MTL_ENABLE_DEBUG_INFO = INCLUDE_SOURCE;
				MTL_FAST_MATH = YES;
				ONLY_ACTIVE_ARCH = YES;
				SDKROOT = iphoneos;
			};
			name = Debug;
		};
		5DEFE2E122002EA200EF6096 /* Release */ = {
			isa = XCBuildConfiguration;
			buildSettings = {
				ALWAYS_SEARCH_USER_PATHS = NO;
				CLANG_ANALYZER_NONNULL = YES;
				CLANG_ANALYZER_NUMBER_OBJECT_CONVERSION = YES_AGGRESSIVE;
				CLANG_CXX_LANGUAGE_STANDARD = "gnu++14";
				CLANG_CXX_LIBRARY = "libc++";
				CLANG_ENABLE_MODULES = YES;
				CLANG_ENABLE_OBJC_ARC = YES;
				CLANG_ENABLE_OBJC_WEAK = YES;
				CLANG_WARN_BLOCK_CAPTURE_AUTORELEASING = YES;
				CLANG_WARN_BOOL_CONVERSION = YES;
				CLANG_WARN_COMMA = YES;
				CLANG_WARN_CONSTANT_CONVERSION = YES;
				CLANG_WARN_DEPRECATED_OBJC_IMPLEMENTATIONS = YES;
				CLANG_WARN_DIRECT_OBJC_ISA_USAGE = YES_ERROR;
				CLANG_WARN_DOCUMENTATION_COMMENTS = YES;
				CLANG_WARN_EMPTY_BODY = YES;
				CLANG_WARN_ENUM_CONVERSION = YES;
				CLANG_WARN_INFINITE_RECURSION = YES;
				CLANG_WARN_INT_CONVERSION = YES;
				CLANG_WARN_NON_LITERAL_NULL_CONVERSION = YES;
				CLANG_WARN_OBJC_IMPLICIT_RETAIN_SELF = YES;
				CLANG_WARN_OBJC_LITERAL_CONVERSION = YES;
				CLANG_WARN_OBJC_ROOT_CLASS = YES_ERROR;
				CLANG_WARN_RANGE_LOOP_ANALYSIS = YES;
				CLANG_WARN_STRICT_PROTOTYPES = YES;
				CLANG_WARN_SUSPICIOUS_MOVE = YES;
				CLANG_WARN_UNGUARDED_AVAILABILITY = YES_AGGRESSIVE;
				CLANG_WARN_UNREACHABLE_CODE = YES;
				CLANG_WARN__DUPLICATE_METHOD_MATCH = YES;
				CODE_SIGN_IDENTITY = "iPhone Developer";
				COPY_PHASE_STRIP = NO;
				DEBUG_INFORMATION_FORMAT = "dwarf-with-dsym";
				ENABLE_NS_ASSERTIONS = NO;
				ENABLE_STRICT_OBJC_MSGSEND = YES;
				GCC_C_LANGUAGE_STANDARD = gnu11;
				GCC_NO_COMMON_BLOCKS = YES;
				GCC_WARN_64_TO_32_BIT_CONVERSION = YES;
				GCC_WARN_ABOUT_RETURN_TYPE = YES_ERROR;
				GCC_WARN_UNDECLARED_SELECTOR = YES;
				GCC_WARN_UNINITIALIZED_AUTOS = YES_AGGRESSIVE;
				GCC_WARN_UNUSED_FUNCTION = YES;
				GCC_WARN_UNUSED_VARIABLE = YES;
				IPHONEOS_DEPLOYMENT_TARGET = 12.1;
				MTL_ENABLE_DEBUG_INFO = NO;
				MTL_FAST_MATH = YES;
				SDKROOT = iphoneos;
				VALIDATE_PRODUCT = YES;
			};
			name = Release;
		};
		5DEFE2E322002EA200EF6096 /* Debug */ = {
			isa = XCBuildConfiguration;
			buildSettings = {
				ASSETCATALOG_COMPILER_APPICON_NAME = AppIcon;
				CODE_SIGN_STYLE = Automatic;
				INFOPLIST_FILE = HFTimer/Info.plist;
				LD_RUNPATH_SEARCH_PATHS = (
					"$(inherited)",
					"@executable_path/Frameworks",
				);
				PRODUCT_BUNDLE_IDENTIFIER = com.hfighter.com.HFTimer;
				PRODUCT_NAME = "$(TARGET_NAME)";
				TARGETED_DEVICE_FAMILY = "1,2";
			};
			name = Debug;
		};
		5DEFE2E422002EA200EF6096 /* Release */ = {
			isa = XCBuildConfiguration;
			buildSettings = {
				ASSETCATALOG_COMPILER_APPICON_NAME = AppIcon;
				CODE_SIGN_STYLE = Automatic;
				INFOPLIST_FILE = HFTimer/Info.plist;
				LD_RUNPATH_SEARCH_PATHS = (
					"$(inherited)",
					"@executable_path/Frameworks",
				);
				PRODUCT_BUNDLE_IDENTIFIER = com.hfighter.com.HFTimer;
				PRODUCT_NAME = "$(TARGET_NAME)";
				TARGETED_DEVICE_FAMILY = "1,2";
			};
			name = Release;
		};
/* End XCBuildConfiguration section */

/* Begin XCConfigurationList section */
		5DEFE2C722002EA000EF6096 /* Build configuration list for PBXProject "HFTimer" */ = {
			isa = XCConfigurationList;
			buildConfigurations = (
				5DEFE2E022002EA200EF6096 /* Debug */,
				5DEFE2E122002EA200EF6096 /* Release */,
			);
			defaultConfigurationIsVisible = 0;
			defaultConfigurationName = Release;
		};
		5DEFE2E222002EA200EF6096 /* Build configuration list for PBXNativeTarget "HFTimer" */ = {
			isa = XCConfigurationList;
			buildConfigurations = (
				5DEFE2E322002EA200EF6096 /* Debug */,
				5DEFE2E422002EA200EF6096 /* Release */,
			);
			defaultConfigurationIsVisible = 0;
			defaultConfigurationName = Release;
		};
/* End XCConfigurationList section */
	};
	rootObject = 5DEFE2C422002EA000EF6096 /* Project object */;
}
